// !$*UTF8*$!
{
	archiveVersion = 1;
	classes = {
	};
	objectVersion = 56;
	objects = {

/* Begin PBXBuildFile section */
		DF2BFED62A5B655C00E77431 /* UsersListView.swift in Sources */ = {isa = PBXBuildFile; fileRef = DF2BFED52A5B655C00E77431 /* UsersListView.swift */; };
		DF2BFED82A5B655E00E77431 /* Assets.xcassets in Resources */ = {isa = PBXBuildFile; fileRef = DF2BFED72A5B655E00E77431 /* Assets.xcassets */; };
		DF2BFEDB2A5B655E00E77431 /* Preview Assets.xcassets in Resources */ = {isa = PBXBuildFile; fileRef = DF2BFEDA2A5B655E00E77431 /* Preview Assets.xcassets */; };
		DF2BFEE42A5B6B5A00E77431 /* User.swift in Sources */ = {isa = PBXBuildFile; fileRef = DF2BFEE32A5B6B5A00E77431 /* User.swift */; };
		DF2BFEE72A5B6BD100E77431 /* Post.swift in Sources */ = {isa = PBXBuildFile; fileRef = DF2BFEE62A5B6BD100E77431 /* Post.swift */; };
		DF2BFEEA2A5B6D7B00E77431 /* APIService.swift in Sources */ = {isa = PBXBuildFile; fileRef = DF2BFEE92A5B6D7B00E77431 /* APIService.swift */; };
		DF59969A2A5B7B2500FCAD68 /* ConcurrencyApp.swift in Sources */ = {isa = PBXBuildFile; fileRef = DF5996992A5B7B2500FCAD68 /* ConcurrencyApp.swift */; };
		DF5996B82A5B82F500FCAD68 /* UsersListViewModel.swift in Sources */ = {isa = PBXBuildFile; fileRef = DF5996B72A5B82F500FCAD68 /* UsersListViewModel.swift */; };
		DF5996BA2A5B84A200FCAD68 /* users.json in Resources */ = {isa = PBXBuildFile; fileRef = DF5996B92A5B84A200FCAD68 /* users.json */; };
		DF5996BC2A5B84C300FCAD68 /* posts.json in Resources */ = {isa = PBXBuildFile; fileRef = DF5996BB2A5B84C300FCAD68 /* posts.json */; };
		DF5996BF2A5B854900FCAD68 /* Bundle+Extension.swift in Sources */ = {isa = PBXBuildFile; fileRef = DF5996BE2A5B854900FCAD68 /* Bundle+Extension.swift */; };
		DF5996C12A5B856D00FCAD68 /* MockData.swift in Sources */ = {isa = PBXBuildFile; fileRef = DF5996C02A5B856D00FCAD68 /* MockData.swift */; };
		DF5996C32A5B86E800FCAD68 /* PostsListViewModel.swift in Sources */ = {isa = PBXBuildFile; fileRef = DF5996C22A5B86E800FCAD68 /* PostsListViewModel.swift */; };
		DF5996C72A5B877800FCAD68 /* PostsListView.swift in Sources */ = {isa = PBXBuildFile; fileRef = DF5996C62A5B877800FCAD68 /* PostsListView.swift */; };
/* End PBXBuildFile section */

/* Begin PBXFileReference section */
		DF2BFED02A5B655C00E77431 /* ios-concurrency-cwc.app */ = {isa = PBXFileReference; explicitFileType = wrapper.application; includeInIndex = 0; path = "ios-concurrency-cwc.app"; sourceTree = BUILT_PRODUCTS_DIR; };
		DF2BFED52A5B655C00E77431 /* UsersListView.swift */ = {isa = PBXFileReference; lastKnownFileType = sourcecode.swift; path = UsersListView.swift; sourceTree = "<group>"; };
		DF2BFED72A5B655E00E77431 /* Assets.xcassets */ = {isa = PBXFileReference; lastKnownFileType = folder.assetcatalog; path = Assets.xcassets; sourceTree = "<group>"; };
		DF2BFEDA2A5B655E00E77431 /* Preview Assets.xcassets */ = {isa = PBXFileReference; lastKnownFileType = folder.assetcatalog; path = "Preview Assets.xcassets"; sourceTree = "<group>"; };
		DF2BFEE12A5B665000E77431 /* Info.plist */ = {isa = PBXFileReference; lastKnownFileType = text.plist; path = Info.plist; sourceTree = "<group>"; };
		DF2BFEE32A5B6B5A00E77431 /* User.swift */ = {isa = PBXFileReference; lastKnownFileType = sourcecode.swift; path = User.swift; sourceTree = "<group>"; };
		DF2BFEE62A5B6BD100E77431 /* Post.swift */ = {isa = PBXFileReference; lastKnownFileType = sourcecode.swift; path = Post.swift; sourceTree = "<group>"; };
		DF2BFEE92A5B6D7B00E77431 /* APIService.swift */ = {isa = PBXFileReference; lastKnownFileType = sourcecode.swift; path = APIService.swift; sourceTree = "<group>"; };
		DF5996992A5B7B2500FCAD68 /* ConcurrencyApp.swift */ = {isa = PBXFileReference; lastKnownFileType = sourcecode.swift; path = ConcurrencyApp.swift; sourceTree = "<group>"; };
		DF5996B72A5B82F500FCAD68 /* UsersListViewModel.swift */ = {isa = PBXFileReference; lastKnownFileType = sourcecode.swift; path = UsersListViewModel.swift; sourceTree = "<group>"; };
		DF5996B92A5B84A200FCAD68 /* users.json */ = {isa = PBXFileReference; lastKnownFileType = text.json; path = users.json; sourceTree = "<group>"; };
		DF5996BB2A5B84C300FCAD68 /* posts.json */ = {isa = PBXFileReference; lastKnownFileType = text.json; path = posts.json; sourceTree = "<group>"; };
		DF5996BE2A5B854900FCAD68 /* Bundle+Extension.swift */ = {isa = PBXFileReference; fileEncoding = 4; lastKnownFileType = sourcecode.swift; path = "Bundle+Extension.swift"; sourceTree = "<group>"; };
		DF5996C02A5B856D00FCAD68 /* MockData.swift */ = {isa = PBXFileReference; lastKnownFileType = sourcecode.swift; name = MockData.swift; path = ../../../../Documents/MockData.swift; sourceTree = "<group>"; };
		DF5996C22A5B86E800FCAD68 /* PostsListViewModel.swift */ = {isa = PBXFileReference; lastKnownFileType = sourcecode.swift; path = PostsListViewModel.swift; sourceTree = "<group>"; };
		DF5996C62A5B877800FCAD68 /* PostsListView.swift */ = {isa = PBXFileReference; lastKnownFileType = sourcecode.swift; path = PostsListView.swift; sourceTree = "<group>"; };
/* End PBXFileReference section */

/* Begin PBXFrameworksBuildPhase section */
		DF2BFECD2A5B655C00E77431 /* Frameworks */ = {
			isa = PBXFrameworksBuildPhase;
			buildActionMask = 2147483647;
			files = (
			);
			runOnlyForDeploymentPostprocessing = 0;
		};
/* End PBXFrameworksBuildPhase section */

/* Begin PBXGroup section */
		DF2BFEC72A5B655C00E77431 = {
			isa = PBXGroup;
			children = (
				DF2BFED22A5B655C00E77431 /* ios-concurrency-cwc */,
				DF2BFED12A5B655C00E77431 /* Products */,
			);
			sourceTree = "<group>";
		};
		DF2BFED12A5B655C00E77431 /* Products */ = {
			isa = PBXGroup;
			children = (
				DF2BFED02A5B655C00E77431 /* ios-concurrency-cwc.app */,
			);
			name = Products;
			sourceTree = "<group>";
		};
		DF2BFED22A5B655C00E77431 /* ios-concurrency-cwc */ = {
			isa = PBXGroup;
			children = (
				DF2BFEE22A5B6B5200E77431 /* Models */,
				DF5996B52A5B82D300FCAD68 /* Views */,
				DF5996B62A5B82E400FCAD68 /* ViewModels */,
				DF2BFEE82A5B6D6300E77431 /* Services */,
				DF5996BD2A5B854100FCAD68 /* Extensions */,
				DF2BFEE12A5B665000E77431 /* Info.plist */,
				DF5996992A5B7B2500FCAD68 /* ConcurrencyApp.swift */,
				DF2BFED72A5B655E00E77431 /* Assets.xcassets */,
				DF2BFED92A5B655E00E77431 /* Preview Content */,
			);
			path = "ios-concurrency-cwc";
			sourceTree = "<group>";
		};
		DF2BFED92A5B655E00E77431 /* Preview Content */ = {
			isa = PBXGroup;
			children = (
				DF2BFEDA2A5B655E00E77431 /* Preview Assets.xcassets */,
				DF5996B92A5B84A200FCAD68 /* users.json */,
				DF5996BB2A5B84C300FCAD68 /* posts.json */,
				DF5996C02A5B856D00FCAD68 /* MockData.swift */,
			);
			path = "Preview Content";
			sourceTree = "<group>";
		};
		DF2BFEE22A5B6B5200E77431 /* Models */ = {
			isa = PBXGroup;
			children = (
				DF2BFEE32A5B6B5A00E77431 /* User.swift */,
				DF2BFEE62A5B6BD100E77431 /* Post.swift */,
			);
			path = Models;
			sourceTree = "<group>";
		};
		DF2BFEE82A5B6D6300E77431 /* Services */ = {
			isa = PBXGroup;
			children = (
				DF2BFEE92A5B6D7B00E77431 /* APIService.swift */,
			);
			path = Services;
			sourceTree = "<group>";
		};
		DF5996B52A5B82D300FCAD68 /* Views */ = {
			isa = PBXGroup;
			children = (
				DF2BFED52A5B655C00E77431 /* UsersListView.swift */,
				DF5996C62A5B877800FCAD68 /* PostsListView.swift */,
			);
			path = Views;
			sourceTree = "<group>";
		};
		DF5996B62A5B82E400FCAD68 /* ViewModels */ = {
			isa = PBXGroup;
			children = (
				DF5996B72A5B82F500FCAD68 /* UsersListViewModel.swift */,
				DF5996C22A5B86E800FCAD68 /* PostsListViewModel.swift */,
			);
			path = ViewModels;
			sourceTree = "<group>";
		};
		DF5996BD2A5B854100FCAD68 /* Extensions */ = {
			isa = PBXGroup;
			children = (
				DF5996BE2A5B854900FCAD68 /* Bundle+Extension.swift */,
			);
			path = Extensions;
			sourceTree = "<group>";
		};
/* End PBXGroup section */

/* Begin PBXNativeTarget section */
		DF2BFECF2A5B655C00E77431 /* ios-concurrency-cwc */ = {
			isa = PBXNativeTarget;
			buildConfigurationList = DF2BFEDE2A5B655E00E77431 /* Build configuration list for PBXNativeTarget "ios-concurrency-cwc" */;
			buildPhases = (
				DF2BFECC2A5B655C00E77431 /* Sources */,
				DF2BFECD2A5B655C00E77431 /* Frameworks */,
				DF2BFECE2A5B655C00E77431 /* Resources */,
			);
			buildRules = (
			);
			dependencies = (
			);
			name = "ios-concurrency-cwc";
			productName = "ios-concurrency-cwc";
			productReference = DF2BFED02A5B655C00E77431 /* ios-concurrency-cwc.app */;
			productType = "com.apple.product-type.application";
		};
/* End PBXNativeTarget section */

/* Begin PBXProject section */
		DF2BFEC82A5B655C00E77431 /* Project object */ = {
			isa = PBXProject;
			attributes = {
				BuildIndependentTargetsInParallel = 1;
				LastSwiftUpdateCheck = 1500;
				LastUpgradeCheck = 1500;
				TargetAttributes = {
					DF2BFECF2A5B655C00E77431 = {
						CreatedOnToolsVersion = 15.0;
					};
				};
			};
			buildConfigurationList = DF2BFECB2A5B655C00E77431 /* Build configuration list for PBXProject "ios-concurrency-cwc" */;
			compatibilityVersion = "Xcode 14.0";
			developmentRegion = en;
			hasScannedForEncodings = 0;
			knownRegions = (
				en,
				Base,
			);
			mainGroup = DF2BFEC72A5B655C00E77431;
			productRefGroup = DF2BFED12A5B655C00E77431 /* Products */;
			projectDirPath = "";
			projectRoot = "";
			targets = (
				DF2BFECF2A5B655C00E77431 /* ios-concurrency-cwc */,
			);
		};
/* End PBXProject section */

/* Begin PBXResourcesBuildPhase section */
		DF2BFECE2A5B655C00E77431 /* Resources */ = {
			isa = PBXResourcesBuildPhase;
			buildActionMask = 2147483647;
			files = (
				DF5996BA2A5B84A200FCAD68 /* users.json in Resources */,
				DF2BFEDB2A5B655E00E77431 /* Preview Assets.xcassets in Resources */,
				DF2BFED82A5B655E00E77431 /* Assets.xcassets in Resources */,
				DF5996BC2A5B84C300FCAD68 /* posts.json in Resources */,
			);
			runOnlyForDeploymentPostprocessing = 0;
		};
/* End PBXResourcesBuildPhase section */

/* Begin PBXSourcesBuildPhase section */
		DF2BFECC2A5B655C00E77431 /* Sources */ = {
			isa = PBXSourcesBuildPhase;
			buildActionMask = 2147483647;
			files = (
				DF2BFED62A5B655C00E77431 /* UsersListView.swift in Sources */,
				DF5996BF2A5B854900FCAD68 /* Bundle+Extension.swift in Sources */,
				DF5996B82A5B82F500FCAD68 /* UsersListViewModel.swift in Sources */,
				DF5996C32A5B86E800FCAD68 /* PostsListViewModel.swift in Sources */,
				DF2BFEEA2A5B6D7B00E77431 /* APIService.swift in Sources */,
				DF2BFEE42A5B6B5A00E77431 /* User.swift in Sources */,
				DF5996C12A5B856D00FCAD68 /* MockData.swift in Sources */,
				DF2BFEE72A5B6BD100E77431 /* Post.swift in Sources */,
				DF5996C72A5B877800FCAD68 /* PostsListView.swift in Sources */,
				DF59969A2A5B7B2500FCAD68 /* ConcurrencyApp.swift in Sources */,
			);
			runOnlyForDeploymentPostprocessing = 0;
		};
/* End PBXSourcesBuildPhase section */

/* Begin XCBuildConfiguration section */
		DF2BFEDC2A5B655E00E77431 /* Debug */ = {
			isa = XCBuildConfiguration;
			buildSettings = {
				ALWAYS_SEARCH_USER_PATHS = NO;
				ASSETCATALOG_COMPILER_GENERATE_SWIFT_ASSET_SYMBOL_EXTENSIONS = YES;
				CLANG_ANALYZER_NONNULL = YES;
				CLANG_ANALYZER_NUMBER_OBJECT_CONVERSION = YES_AGGRESSIVE;
				CLANG_CXX_LANGUAGE_STANDARD = "gnu++20";
				CLANG_ENABLE_MODULES = YES;
				CLANG_ENABLE_OBJC_ARC = YES;
				CLANG_ENABLE_OBJC_WEAK = YES;
				CLANG_WARN_BLOCK_CAPTURE_AUTORELEASING = YES;
				CLANG_WARN_BOOL_CONVERSION = YES;
				CLANG_WARN_COMMA = YES;
				CLANG_WARN_CONSTANT_CONVERSION = YES;
				CLANG_WARN_DEPRECATED_OBJC_IMPLEMENTATIONS = YES;
				CLANG_WARN_DIRECT_OBJC_ISA_USAGE = YES_ERROR;
				CLANG_WARN_DOCUMENTATION_COMMENTS = YES;
				CLANG_WARN_EMPTY_BODY = YES;
				CLANG_WARN_ENUM_CONVERSION = YES;
				CLANG_WARN_INFINITE_RECURSION = YES;
				CLANG_WARN_INT_CONVERSION = YES;
				CLANG_WARN_NON_LITERAL_NULL_CONVERSION = YES;
				CLANG_WARN_OBJC_IMPLICIT_RETAIN_SELF = YES;
				CLANG_WARN_OBJC_LITERAL_CONVERSION = YES;
				CLANG_WARN_OBJC_ROOT_CLASS = YES_ERROR;
				CLANG_WARN_QUOTED_INCLUDE_IN_FRAMEWORK_HEADER = YES;
				CLANG_WARN_RANGE_LOOP_ANALYSIS = YES;
				CLANG_WARN_STRICT_PROTOTYPES = YES;
				CLANG_WARN_SUSPICIOUS_MOVE = YES;
				CLANG_WARN_UNGUARDED_AVAILABILITY = YES_AGGRESSIVE;
				CLANG_WARN_UNREACHABLE_CODE = YES;
				CLANG_WARN__DUPLICATE_METHOD_MATCH = YES;
				COPY_PHASE_STRIP = NO;
				DEBUG_INFORMATION_FORMAT = dwarf;
				ENABLE_STRICT_OBJC_MSGSEND = YES;
				ENABLE_TESTABILITY = YES;
				ENABLE_USER_SCRIPT_SANDBOXING = YES;
				GCC_C_LANGUAGE_STANDARD = gnu17;
				GCC_DYNAMIC_NO_PIC = NO;
				GCC_NO_COMMON_BLOCKS = YES;
				GCC_OPTIMIZATION_LEVEL = 0;
				GCC_PREPROCESSOR_DEFINITIONS = (
					"DEBUG=1",
					"$(inherited)",
				);
				GCC_WARN_64_TO_32_BIT_CONVERSION = YES;
				GCC_WARN_ABOUT_RETURN_TYPE = YES_ERROR;
				GCC_WARN_UNDECLARED_SELECTOR = YES;
				GCC_WARN_UNINITIALIZED_AUTOS = YES_AGGRESSIVE;
				GCC_WARN_UNUSED_FUNCTION = YES;
				GCC_WARN_UNUSED_VARIABLE = YES;
				IPHONEOS_DEPLOYMENT_TARGET = 17.0;
				LOCALIZATION_PREFERS_STRING_CATALOGS = YES;
				MTL_ENABLE_DEBUG_INFO = INCLUDE_SOURCE;
				MTL_FAST_MATH = YES;
				ONLY_ACTIVE_ARCH = YES;
				SDKROOT = iphoneos;
				SWIFT_ACTIVE_COMPILATION_CONDITIONS = "DEBUG $(inherited)";
				SWIFT_OPTIMIZATION_LEVEL = "-Onone";
			};
			name = Debug;
		};
		DF2BFEDD2A5B655E00E77431 /* Release */ = {
			isa = XCBuildConfiguration;
			buildSettings = {
				ALWAYS_SEARCH_USER_PATHS = NO;
				ASSETCATALOG_COMPILER_GENERATE_SWIFT_ASSET_SYMBOL_EXTENSIONS = YES;
				CLANG_ANALYZER_NONNULL = YES;
				CLANG_ANALYZER_NUMBER_OBJECT_CONVERSION = YES_AGGRESSIVE;
				CLANG_CXX_LANGUAGE_STANDARD = "gnu++20";
				CLANG_ENABLE_MODULES = YES;
				CLANG_ENABLE_OBJC_ARC = YES;
				CLANG_ENABLE_OBJC_WEAK = YES;
				CLANG_WARN_BLOCK_CAPTURE_AUTORELEASING = YES;
				CLANG_WARN_BOOL_CONVERSION = YES;
				CLANG_WARN_COMMA = YES;
				CLANG_WARN_CONSTANT_CONVERSION = YES;
				CLANG_WARN_DEPRECATED_OBJC_IMPLEMENTATIONS = YES;
				CLANG_WARN_DIRECT_OBJC_ISA_USAGE = YES_ERROR;
				CLANG_WARN_DOCUMENTATION_COMMENTS = YES;
				CLANG_WARN_EMPTY_BODY = YES;
				CLANG_WARN_ENUM_CONVERSION = YES;
				CLANG_WARN_INFINITE_RECURSION = YES;
				CLANG_WARN_INT_CONVERSION = YES;
				CLANG_WARN_NON_LITERAL_NULL_CONVERSION = YES;
				CLANG_WARN_OBJC_IMPLICIT_RETAIN_SELF = YES;
				CLANG_WARN_OBJC_LITERAL_CONVERSION = YES;
				CLANG_WARN_OBJC_ROOT_CLASS = YES_ERROR;
				CLANG_WARN_QUOTED_INCLUDE_IN_FRAMEWORK_HEADER = YES;
				CLANG_WARN_RANGE_LOOP_ANALYSIS = YES;
				CLANG_WARN_STRICT_PROTOTYPES = YES;
				CLANG_WARN_SUSPICIOUS_MOVE = YES;
				CLANG_WARN_UNGUARDED_AVAILABILITY = YES_AGGRESSIVE;
				CLANG_WARN_UNREACHABLE_CODE = YES;
				CLANG_WARN__DUPLICATE_METHOD_MATCH = YES;
				COPY_PHASE_STRIP = NO;
				DEBUG_INFORMATION_FORMAT = "dwarf-with-dsym";
				ENABLE_NS_ASSERTIONS = NO;
				ENABLE_STRICT_OBJC_MSGSEND = YES;
				ENABLE_USER_SCRIPT_SANDBOXING = YES;
				GCC_C_LANGUAGE_STANDARD = gnu17;
				GCC_NO_COMMON_BLOCKS = YES;
				GCC_WARN_64_TO_32_BIT_CONVERSION = YES;
				GCC_WARN_ABOUT_RETURN_TYPE = YES_ERROR;
				GCC_WARN_UNDECLARED_SELECTOR = YES;
				GCC_WARN_UNINITIALIZED_AUTOS = YES_AGGRESSIVE;
				GCC_WARN_UNUSED_FUNCTION = YES;
				GCC_WARN_UNUSED_VARIABLE = YES;
				IPHONEOS_DEPLOYMENT_TARGET = 17.0;
				LOCALIZATION_PREFERS_STRING_CATALOGS = YES;
				MTL_ENABLE_DEBUG_INFO = NO;
				MTL_FAST_MATH = YES;
				SDKROOT = iphoneos;
				SWIFT_COMPILATION_MODE = wholemodule;
				VALIDATE_PRODUCT = YES;
			};
			name = Release;
		};
		DF2BFEDF2A5B655E00E77431 /* Debug */ = {
			isa = XCBuildConfiguration;
			buildSettings = {
				ASSETCATALOG_COMPILER_APPICON_NAME = AppIcon;
				ASSETCATALOG_COMPILER_GLOBAL_ACCENT_COLOR_NAME = AccentColor;
				CODE_SIGN_STYLE = Automatic;
				CURRENT_PROJECT_VERSION = 1;
				DEVELOPMENT_ASSET_PATHS = "\"ios-concurrency-cwc/Preview Content\"";
				DEVELOPMENT_TEAM = 273582M6R3;
				ENABLE_PREVIEWS = YES;
				GENERATE_INFOPLIST_FILE = YES;
				INFOPLIST_FILE = "ios-concurrency-cwc/Info.plist";
				INFOPLIST_KEY_UIApplicationSceneManifest_Generation = YES;
				INFOPLIST_KEY_UIApplicationSupportsIndirectInputEvents = YES;
				INFOPLIST_KEY_UISupportedInterfaceOrientations_iPad = "UIInterfaceOrientationPortrait UIInterfaceOrientationPortraitUpsideDown UIInterfaceOrientationLandscapeLeft UIInterfaceOrientationLandscapeRight";
				INFOPLIST_KEY_UISupportedInterfaceOrientations_iPhone = "UIInterfaceOrientationPortrait UIInterfaceOrientationLandscapeLeft UIInterfaceOrientationLandscapeRight";
				LD_RUNPATH_SEARCH_PATHS = (
					"$(inherited)",
					"@executable_path/Frameworks",
				);
				MARKETING_VERSION = 1.0;
				PRODUCT_BUNDLE_IDENTIFIER = "io.github.leeonardoo.ios-concurrency-cwc";
				PRODUCT_NAME = "$(TARGET_NAME)";
				SWIFT_EMIT_LOC_STRINGS = YES;
				SWIFT_VERSION = 5.0;
				TARGETED_DEVICE_FAMILY = "1,2";
			};
			name = Debug;
		};
		DF2BFEE02A5B655E00E77431 /* Release */ = {
			isa = XCBuildConfiguration;
			buildSettings = {
				ASSETCATALOG_COMPILER_APPICON_NAME = AppIcon;
				ASSETCATALOG_COMPILER_GLOBAL_ACCENT_COLOR_NAME = AccentColor;
				CODE_SIGN_STYLE = Automatic;
				CURRENT_PROJECT_VERSION = 1;
				DEVELOPMENT_ASSET_PATHS = "\"ios-concurrency-cwc/Preview Content\"";
				DEVELOPMENT_TEAM = 273582M6R3;
				ENABLE_PREVIEWS = YES;
				GENERATE_INFOPLIST_FILE = YES;
				INFOPLIST_FILE = "ios-concurrency-cwc/Info.plist";
				INFOPLIST_KEY_UIApplicationSceneManifest_Generation = YES;
				INFOPLIST_KEY_UIApplicationSupportsIndirectInputEvents = YES;
				INFOPLIST_KEY_UISupportedInterfaceOrientations_iPad = "UIInterfaceOrientationPortrait UIInterfaceOrientationPortraitUpsideDown UIInterfaceOrientationLandscapeLeft UIInterfaceOrientationLandscapeRight";
				INFOPLIST_KEY_UISupportedInterfaceOrientations_iPhone = "UIInterfaceOrientationPortrait UIInterfaceOrientationLandscapeLeft UIInterfaceOrientationLandscapeRight";
				LD_RUNPATH_SEARCH_PATHS = (
					"$(inherited)",
					"@executable_path/Frameworks",
				);
				MARKETING_VERSION = 1.0;
				PRODUCT_BUNDLE_IDENTIFIER = "io.github.leeonardoo.ios-concurrency-cwc";
				PRODUCT_NAME = "$(TARGET_NAME)";
				SWIFT_EMIT_LOC_STRINGS = YES;
				SWIFT_VERSION = 5.0;
				TARGETED_DEVICE_FAMILY = "1,2";
			};
			name = Release;
		};
/* End XCBuildConfiguration section */

/* Begin XCConfigurationList section */
		DF2BFECB2A5B655C00E77431 /* Build configuration list for PBXProject "ios-concurrency-cwc" */ = {
			isa = XCConfigurationList;
			buildConfigurations = (
				DF2BFEDC2A5B655E00E77431 /* Debug */,
				DF2BFEDD2A5B655E00E77431 /* Release */,
			);
			defaultConfigurationIsVisible = 0;
			defaultConfigurationName = Release;
		};
		DF2BFEDE2A5B655E00E77431 /* Build configuration list for PBXNativeTarget "ios-concurrency-cwc" */ = {
			isa = XCConfigurationList;
			buildConfigurations = (
				DF2BFEDF2A5B655E00E77431 /* Debug */,
				DF2BFEE02A5B655E00E77431 /* Release */,
			);
			defaultConfigurationIsVisible = 0;
			defaultConfigurationName = Release;
		};
/* End XCConfigurationList section */
	};
	rootObject = DF2BFEC82A5B655C00E77431 /* Project object */;
}
